// !$*UTF8*$!
{
	archiveVersion = 1;
	classes = {
	};
	objectVersion = 55;
	objects = {

/* Begin PBXBuildFile section */
		7CCF052A279C230800BA2C93 /* AppDelegate.swift in Sources */ = {isa = PBXBuildFile; fileRef = 7CCF0529279C230800BA2C93 /* AppDelegate.swift */; };
		7CCF052C279C230800BA2C93 /* SceneDelegate.swift in Sources */ = {isa = PBXBuildFile; fileRef = 7CCF052B279C230800BA2C93 /* SceneDelegate.swift */; };
		7CCF052E279C230800BA2C93 /* MapVC.swift in Sources */ = {isa = PBXBuildFile; fileRef = 7CCF052D279C230800BA2C93 /* MapVC.swift */; };
		7CCF0531279C230800BA2C93 /* Main.storyboard in Resources */ = {isa = PBXBuildFile; fileRef = 7CCF052F279C230800BA2C93 /* Main.storyboard */; };
		7CCF0533279C230B00BA2C93 /* Assets.xcassets in Resources */ = {isa = PBXBuildFile; fileRef = 7CCF0532279C230B00BA2C93 /* Assets.xcassets */; };
		7CCF0536279C230B00BA2C93 /* LaunchScreen.storyboard in Resources */ = {isa = PBXBuildFile; fileRef = 7CCF0534279C230B00BA2C93 /* LaunchScreen.storyboard */; };
		7CCF0541279C28AD00BA2C93 /* Alamofire in Frameworks */ = {isa = PBXBuildFile; productRef = 7CCF0540279C28AD00BA2C93 /* Alamofire */; };
		7CCF0544279C28E000BA2C93 /* AlamofireImage in Frameworks */ = {isa = PBXBuildFile; productRef = 7CCF0543279C28E000BA2C93 /* AlamofireImage */; };
		7CCF0546279C847900BA2C93 /* droppablePin.swift in Sources */ = {isa = PBXBuildFile; fileRef = 7CCF0545279C847900BA2C93 /* droppablePin.swift */; };
/* End PBXBuildFile section */

/* Begin PBXFileReference section */
		7CCF0526279C230800BA2C93 /* Api usage and networking.app */ = {isa = PBXFileReference; explicitFileType = wrapper.application; includeInIndex = 0; path = "Api usage and networking.app"; sourceTree = BUILT_PRODUCTS_DIR; };
		7CCF0529279C230800BA2C93 /* AppDelegate.swift */ = {isa = PBXFileReference; lastKnownFileType = sourcecode.swift; path = AppDelegate.swift; sourceTree = "<group>"; };
		7CCF052B279C230800BA2C93 /* SceneDelegate.swift */ = {isa = PBXFileReference; lastKnownFileType = sourcecode.swift; path = SceneDelegate.swift; sourceTree = "<group>"; };
		7CCF052D279C230800BA2C93 /* MapVC.swift */ = {isa = PBXFileReference; lastKnownFileType = sourcecode.swift; path = MapVC.swift; sourceTree = "<group>"; };
		7CCF0530279C230800BA2C93 /* Base */ = {isa = PBXFileReference; lastKnownFileType = file.storyboard; name = Base; path = Base.lproj/Main.storyboard; sourceTree = "<group>"; };
		7CCF0532279C230B00BA2C93 /* Assets.xcassets */ = {isa = PBXFileReference; lastKnownFileType = folder.assetcatalog; path = Assets.xcassets; sourceTree = "<group>"; };
		7CCF0535279C230B00BA2C93 /* Base */ = {isa = PBXFileReference; lastKnownFileType = file.storyboard; name = Base; path = Base.lproj/LaunchScreen.storyboard; sourceTree = "<group>"; };
		7CCF0537279C230B00BA2C93 /* Info.plist */ = {isa = PBXFileReference; lastKnownFileType = text.plist.xml; path = Info.plist; sourceTree = "<group>"; };
		7CCF0545279C847900BA2C93 /* droppablePin.swift */ = {isa = PBXFileReference; lastKnownFileType = sourcecode.swift; path = droppablePin.swift; sourceTree = "<group>"; };
/* End PBXFileReference section */

/* Begin PBXFrameworksBuildPhase section */
		7CCF0523279C230800BA2C93 /* Frameworks */ = {
			isa = PBXFrameworksBuildPhase;
			buildActionMask = 2147483647;
			files = (
				7CCF0541279C28AD00BA2C93 /* Alamofire in Frameworks */,
				7CCF0544279C28E000BA2C93 /* AlamofireImage in Frameworks */,
			);
			runOnlyForDeploymentPostprocessing = 0;
		};
/* End PBXFrameworksBuildPhase section */

/* Begin PBXGroup section */
		7CCF051D279C230800BA2C93 = {
			isa = PBXGroup;
			children = (
				7CCF0528279C230800BA2C93 /* Api usage and networking */,
				7CCF0527279C230800BA2C93 /* Products */,
			);
			sourceTree = "<group>";
		};
		7CCF0527279C230800BA2C93 /* Products */ = {
			isa = PBXGroup;
			children = (
				7CCF0526279C230800BA2C93 /* Api usage and networking.app */,
			);
			name = Products;
			sourceTree = "<group>";
		};
		7CCF0528279C230800BA2C93 /* Api usage and networking */ = {
			isa = PBXGroup;
			children = (
				7CCF0529279C230800BA2C93 /* AppDelegate.swift */,
				7CCF052B279C230800BA2C93 /* SceneDelegate.swift */,
				7CCF053E279C232400BA2C93 /* Controller */,
				7CCF053D279C231600BA2C93 /* View */,
				7CCF0532279C230B00BA2C93 /* Assets.xcassets */,
				7CCF0534279C230B00BA2C93 /* LaunchScreen.storyboard */,
				7CCF0537279C230B00BA2C93 /* Info.plist */,
			);
			path = "Api usage and networking";
			sourceTree = "<group>";
		};
		7CCF053D279C231600BA2C93 /* View */ = {
			isa = PBXGroup;
			children = (
				7CCF052F279C230800BA2C93 /* Main.storyboard */,
				7CCF0545279C847900BA2C93 /* droppablePin.swift */,
			);
			path = View;
			sourceTree = "<group>";
		};
		7CCF053E279C232400BA2C93 /* Controller */ = {
			isa = PBXGroup;
			children = (
				7CCF052D279C230800BA2C93 /* MapVC.swift */,
			);
			path = Controller;
			sourceTree = "<group>";
		};
/* End PBXGroup section */

/* Begin PBXNativeTarget section */
		7CCF0525279C230800BA2C93 /* Api usage and networking */ = {
			isa = PBXNativeTarget;
			buildConfigurationList = 7CCF053A279C230B00BA2C93 /* Build configuration list for PBXNativeTarget "Api usage and networking" */;
			buildPhases = (
				7CCF0522279C230800BA2C93 /* Sources */,
				7CCF0523279C230800BA2C93 /* Frameworks */,
				7CCF0524279C230800BA2C93 /* Resources */,
			);
			buildRules = (
			);
			dependencies = (
			);
			name = "Api usage and networking";
			packageProductDependencies = (
				7CCF0540279C28AD00BA2C93 /* Alamofire */,
				7CCF0543279C28E000BA2C93 /* AlamofireImage */,
			);
			productName = "Api usage and networking";
			productReference = 7CCF0526279C230800BA2C93 /* Api usage and networking.app */;
			productType = "com.apple.product-type.application";
		};
/* End PBXNativeTarget section */

/* Begin PBXProject section */
		7CCF051E279C230800BA2C93 /* Project object */ = {
			isa = PBXProject;
			attributes = {
				BuildIndependentTargetsInParallel = 1;
				LastSwiftUpdateCheck = 1310;
				LastUpgradeCheck = 1310;
				TargetAttributes = {
					7CCF0525279C230800BA2C93 = {
						CreatedOnToolsVersion = 13.1;
					};
				};
			};
			buildConfigurationList = 7CCF0521279C230800BA2C93 /* Build configuration list for PBXProject "Api usage and networking" */;
			compatibilityVersion = "Xcode 13.0";
			developmentRegion = en;
			hasScannedForEncodings = 0;
			knownRegions = (
				en,
				Base,
			);
			mainGroup = 7CCF051D279C230800BA2C93;
			packageReferences = (
				7CCF053F279C28AC00BA2C93 /* XCRemoteSwiftPackageReference "Alamofire" */,
				7CCF0542279C28E000BA2C93 /* XCRemoteSwiftPackageReference "AlamofireImage" */,
			);
			productRefGroup = 7CCF0527279C230800BA2C93 /* Products */;
			projectDirPath = "";
			projectRoot = "";
			targets = (
				7CCF0525279C230800BA2C93 /* Api usage and networking */,
			);
		};
/* End PBXProject section */

/* Begin PBXResourcesBuildPhase section */
		7CCF0524279C230800BA2C93 /* Resources */ = {
			isa = PBXResourcesBuildPhase;
			buildActionMask = 2147483647;
			files = (
				7CCF0536279C230B00BA2C93 /* LaunchScreen.storyboard in Resources */,
				7CCF0533279C230B00BA2C93 /* Assets.xcassets in Resources */,
				7CCF0531279C230800BA2C93 /* Main.storyboard in Resources */,
			);
			runOnlyForDeploymentPostprocessing = 0;
		};
/* End PBXResourcesBuildPhase section */

/* Begin PBXSourcesBuildPhase section */
		7CCF0522279C230800BA2C93 /* Sources */ = {
			isa = PBXSourcesBuildPhase;
			buildActionMask = 2147483647;
			files = (
				7CCF052E279C230800BA2C93 /* MapVC.swift in Sources */,
				7CCF0546279C847900BA2C93 /* droppablePin.swift in Sources */,
				7CCF052A279C230800BA2C93 /* AppDelegate.swift in Sources */,
				7CCF052C279C230800BA2C93 /* SceneDelegate.swift in Sources */,
			);
			runOnlyForDeploymentPostprocessing = 0;
		};
/* End PBXSourcesBuildPhase section */

/* Begin PBXVariantGroup section */
		7CCF052F279C230800BA2C93 /* Main.storyboard */ = {
			isa = PBXVariantGroup;
			children = (
				7CCF0530279C230800BA2C93 /* Base */,
			);
			name = Main.storyboard;
			sourceTree = "<group>";
		};
		7CCF0534279C230B00BA2C93 /* LaunchScreen.storyboard */ = {
			isa = PBXVariantGroup;
			children = (
				7CCF0535279C230B00BA2C93 /* Base */,
			);
			name = LaunchScreen.storyboard;
			sourceTree = "<group>";
		};
/* End PBXVariantGroup section */

/* Begin XCBuildConfiguration section */
		7CCF0538279C230B00BA2C93 /* Debug */ = {
			isa = XCBuildConfiguration;
			buildSettings = {
				ALWAYS_SEARCH_USER_PATHS = NO;
				CLANG_ANALYZER_NONNULL = YES;
				CLANG_ANALYZER_NUMBER_OBJECT_CONVERSION = YES_AGGRESSIVE;
				CLANG_CXX_LANGUAGE_STANDARD = "gnu++17";
				CLANG_CXX_LIBRARY = "libc++";
				CLANG_ENABLE_MODULES = YES;
				CLANG_ENABLE_OBJC_ARC = YES;
				CLANG_ENABLE_OBJC_WEAK = YES;
				CLANG_WARN_BLOCK_CAPTURE_AUTORELEASING = YES;
				CLANG_WARN_BOOL_CONVERSION = YES;
				CLANG_WARN_COMMA = YES;
				CLANG_WARN_CONSTANT_CONVERSION = YES;
				CLANG_WARN_DEPRECATED_OBJC_IMPLEMENTATIONS = YES;
				CLANG_WARN_DIRECT_OBJC_ISA_USAGE = YES_ERROR;
				CLANG_WARN_DOCUMENTATION_COMMENTS = YES;
				CLANG_WARN_EMPTY_BODY = YES;
				CLANG_WARN_ENUM_CONVERSION = YES;
				CLANG_WARN_INFINITE_RECURSION = YES;
				CLANG_WARN_INT_CONVERSION = YES;
				CLANG_WARN_NON_LITERAL_NULL_CONVERSION = YES;
				CLANG_WARN_OBJC_IMPLICIT_RETAIN_SELF = YES;
				CLANG_WARN_OBJC_LITERAL_CONVERSION = YES;
				CLANG_WARN_OBJC_ROOT_CLASS = YES_ERROR;
				CLANG_WARN_QUOTED_INCLUDE_IN_FRAMEWORK_HEADER = YES;
				CLANG_WARN_RANGE_LOOP_ANALYSIS = YES;
				CLANG_WARN_STRICT_PROTOTYPES = YES;
				CLANG_WARN_SUSPICIOUS_MOVE = YES;
				CLANG_WARN_UNGUARDED_AVAILABILITY = YES_AGGRESSIVE;
				CLANG_WARN_UNREACHABLE_CODE = YES;
				CLANG_WARN__DUPLICATE_METHOD_MATCH = YES;
				COPY_PHASE_STRIP = NO;
				DEBUG_INFORMATION_FORMAT = dwarf;
				ENABLE_STRICT_OBJC_MSGSEND = YES;
				ENABLE_TESTABILITY = YES;
				GCC_C_LANGUAGE_STANDARD = gnu11;
				GCC_DYNAMIC_NO_PIC = NO;
				GCC_NO_COMMON_BLOCKS = YES;
				GCC_OPTIMIZATION_LEVEL = 0;
				GCC_PREPROCESSOR_DEFINITIONS = (
					"DEBUG=1",
					"$(inherited)",
				);
				GCC_WARN_64_TO_32_BIT_CONVERSION = YES;
				GCC_WARN_ABOUT_RETURN_TYPE = YES_ERROR;
				GCC_WARN_UNDECLARED_SELECTOR = YES;
				GCC_WARN_UNINITIALIZED_AUTOS = YES_AGGRESSIVE;
				GCC_WARN_UNUSED_FUNCTION = YES;
				GCC_WARN_UNUSED_VARIABLE = YES;
				IPHONEOS_DEPLOYMENT_TARGET = 15.0;
				MTL_ENABLE_DEBUG_INFO = INCLUDE_SOURCE;
				MTL_FAST_MATH = YES;
				ONLY_ACTIVE_ARCH = YES;
				SDKROOT = iphoneos;
				SWIFT_ACTIVE_COMPILATION_CONDITIONS = DEBUG;
				SWIFT_OPTIMIZATION_LEVEL = "-Onone";
			};
			name = Debug;
		};
		7CCF0539279C230B00BA2C93 /* Release */ = {
			isa = XCBuildConfiguration;
			buildSettings = {
				ALWAYS_SEARCH_USER_PATHS = NO;
				CLANG_ANALYZER_NONNULL = YES;
				CLANG_ANALYZER_NUMBER_OBJECT_CONVERSION = YES_AGGRESSIVE;
				CLANG_CXX_LANGUAGE_STANDARD = "gnu++17";
				CLANG_CXX_LIBRARY = "libc++";
				CLANG_ENABLE_MODULES = YES;
				CLANG_ENABLE_OBJC_ARC = YES;
				CLANG_ENABLE_OBJC_WEAK = YES;
				CLANG_WARN_BLOCK_CAPTURE_AUTORELEASING = YES;
				CLANG_WARN_BOOL_CONVERSION = YES;
				CLANG_WARN_COMMA = YES;
				CLANG_WARN_CONSTANT_CONVERSION = YES;
				CLANG_WARN_DEPRECATED_OBJC_IMPLEMENTATIONS = YES;
				CLANG_WARN_DIRECT_OBJC_ISA_USAGE = YES_ERROR;
				CLANG_WARN_DOCUMENTATION_COMMENTS = YES;
				CLANG_WARN_EMPTY_BODY = YES;
				CLANG_WARN_ENUM_CONVERSION = YES;
				CLANG_WARN_INFINITE_RECURSION = YES;
				CLANG_WARN_INT_CONVERSION = YES;
				CLANG_WARN_NON_LITERAL_NULL_CONVERSION = YES;
				CLANG_WARN_OBJC_IMPLICIT_RETAIN_SELF = YES;
				CLANG_WARN_OBJC_LITERAL_CONVERSION = YES;
				CLANG_WARN_OBJC_ROOT_CLASS = YES_ERROR;
				CLANG_WARN_QUOTED_INCLUDE_IN_FRAMEWORK_HEADER = YES;
				CLANG_WARN_RANGE_LOOP_ANALYSIS = YES;
				CLANG_WARN_STRICT_PROTOTYPES = YES;
				CLANG_WARN_SUSPICIOUS_MOVE = YES;
				CLANG_WARN_UNGUARDED_AVAILABILITY = YES_AGGRESSIVE;
				CLANG_WARN_UNREACHABLE_CODE = YES;
				CLANG_WARN__DUPLICATE_METHOD_MATCH = YES;
				COPY_PHASE_STRIP = NO;
				DEBUG_INFORMATION_FORMAT = "dwarf-with-dsym";
				ENABLE_NS_ASSERTIONS = NO;
				ENABLE_STRICT_OBJC_MSGSEND = YES;
				GCC_C_LANGUAGE_STANDARD = gnu11;
				GCC_NO_COMMON_BLOCKS = YES;
				GCC_WARN_64_TO_32_BIT_CONVERSION = YES;
				GCC_WARN_ABOUT_RETURN_TYPE = YES_ERROR;
				GCC_WARN_UNDECLARED_SELECTOR = YES;
				GCC_WARN_UNINITIALIZED_AUTOS = YES_AGGRESSIVE;
				GCC_WARN_UNUSED_FUNCTION = YES;
				GCC_WARN_UNUSED_VARIABLE = YES;
				IPHONEOS_DEPLOYMENT_TARGET = 15.0;
				MTL_ENABLE_DEBUG_INFO = NO;
				MTL_FAST_MATH = YES;
				SDKROOT = iphoneos;
				SWIFT_COMPILATION_MODE = wholemodule;
				SWIFT_OPTIMIZATION_LEVEL = "-O";
				VALIDATE_PRODUCT = YES;
			};
			name = Release;
		};
		7CCF053B279C230B00BA2C93 /* Debug */ = {
			isa = XCBuildConfiguration;
			buildSettings = {
				ASSETCATALOG_COMPILER_APPICON_NAME = AppIcon;
				ASSETCATALOG_COMPILER_GLOBAL_ACCENT_COLOR_NAME = AccentColor;
				CODE_SIGN_STYLE = Automatic;
				CURRENT_PROJECT_VERSION = 1;
				DEVELOPMENT_TEAM = SH8B934J9Q;
				GENERATE_INFOPLIST_FILE = YES;
				INFOPLIST_FILE = "Api usage and networking/Info.plist";
				INFOPLIST_KEY_UIApplicationSupportsIndirectInputEvents = YES;
				INFOPLIST_KEY_UILaunchStoryboardName = LaunchScreen;
				INFOPLIST_KEY_UIMainStoryboardFile = Main;
				INFOPLIST_KEY_UISupportedInterfaceOrientations_iPad = "UIInterfaceOrientationPortrait UIInterfaceOrientationPortraitUpsideDown UIInterfaceOrientationLandscapeLeft UIInterfaceOrientationLandscapeRight";
				INFOPLIST_KEY_UISupportedInterfaceOrientations_iPhone = "UIInterfaceOrientationPortrait UIInterfaceOrientationLandscapeLeft UIInterfaceOrientationLandscapeRight";
				LD_RUNPATH_SEARCH_PATHS = (
					"$(inherited)",
					"@executable_path/Frameworks",
				);
				MARKETING_VERSION = 1.0;
				PRODUCT_BUNDLE_IDENTIFIER = "co.dmytro.Api-usage-and-networking";
				PRODUCT_NAME = "$(TARGET_NAME)";
				SWIFT_EMIT_LOC_STRINGS = YES;
				SWIFT_VERSION = 5.0;
				TARGETED_DEVICE_FAMILY = "1,2";
			};
			name = Debug;
		};
		7CCF053C279C230B00BA2C93 /* Release */ = {
			isa = XCBuildConfiguration;
			buildSettings = {
				ASSETCATALOG_COMPILER_APPICON_NAME = AppIcon;
				ASSETCATALOG_COMPILER_GLOBAL_ACCENT_COLOR_NAME = AccentColor;
				CODE_SIGN_STYLE = Automatic;
				CURRENT_PROJECT_VERSION = 1;
				DEVELOPMENT_TEAM = SH8B934J9Q;
				GENERATE_INFOPLIST_FILE = YES;
				INFOPLIST_FILE = "Api usage and networking/Info.plist";
				INFOPLIST_KEY_UIApplicationSupportsIndirectInputEvents = YES;
				INFOPLIST_KEY_UILaunchStoryboardName = LaunchScreen;
				INFOPLIST_KEY_UIMainStoryboardFile = Main;
				INFOPLIST_KEY_UISupportedInterfaceOrientations_iPad = "UIInterfaceOrientationPortrait UIInterfaceOrientationPortraitUpsideDown UIInterfaceOrientationLandscapeLeft UIInterfaceOrientationLandscapeRight";
				INFOPLIST_KEY_UISupportedInterfaceOrientations_iPhone = "UIInterfaceOrientationPortrait UIInterfaceOrientationLandscapeLeft UIInterfaceOrientationLandscapeRight";
				LD_RUNPATH_SEARCH_PATHS = (
					"$(inherited)",
					"@executable_path/Frameworks",
				);
				MARKETING_VERSION = 1.0;
				PRODUCT_BUNDLE_IDENTIFIER = "co.dmytro.Api-usage-and-networking";
				PRODUCT_NAME = "$(TARGET_NAME)";
				SWIFT_EMIT_LOC_STRINGS = YES;
				SWIFT_VERSION = 5.0;
				TARGETED_DEVICE_FAMILY = "1,2";
			};
			name = Release;
		};
/* End XCBuildConfiguration section */

/* Begin XCConfigurationList section */
		7CCF0521279C230800BA2C93 /* Build configuration list for PBXProject "Api usage and networking" */ = {
			isa = XCConfigurationList;
			buildConfigurations = (
				7CCF0538279C230B00BA2C93 /* Debug */,
				7CCF0539279C230B00BA2C93 /* Release */,
			);
			defaultConfigurationIsVisible = 0;
			defaultConfigurationName = Release;
		};
		7CCF053A279C230B00BA2C93 /* Build configuration list for PBXNativeTarget "Api usage and networking" */ = {
			isa = XCConfigurationList;
			buildConfigurations = (
				7CCF053B279C230B00BA2C93 /* Debug */,
				7CCF053C279C230B00BA2C93 /* Release */,
			);
			defaultConfigurationIsVisible = 0;
			defaultConfigurationName = Release;
		};
/* End XCConfigurationList section */

/* Begin XCRemoteSwiftPackageReference section */
		7CCF053F279C28AC00BA2C93 /* XCRemoteSwiftPackageReference "Alamofire" */ = {
			isa = XCRemoteSwiftPackageReference;
			repositoryURL = "https://github.com/Alamofire/Alamofire.git";
			requirement = {
				kind = upToNextMajorVersion;
				minimumVersion = 5.0.0;
			};
		};
		7CCF0542279C28E000BA2C93 /* XCRemoteSwiftPackageReference "AlamofireImage" */ = {
			isa = XCRemoteSwiftPackageReference;
			repositoryURL = "https://github.com/Alamofire/AlamofireImage.git";
			requirement = {
				kind = upToNextMajorVersion;
				minimumVersion = 4.0.0;
			};
		};
/* End XCRemoteSwiftPackageReference section */

/* Begin XCSwiftPackageProductDependency section */
		7CCF0540279C28AD00BA2C93 /* Alamofire */ = {
			isa = XCSwiftPackageProductDependency;
			package = 7CCF053F279C28AC00BA2C93 /* XCRemoteSwiftPackageReference "Alamofire" */;
			productName = Alamofire;
		};
		7CCF0543279C28E000BA2C93 /* AlamofireImage */ = {
			isa = XCSwiftPackageProductDependency;
			package = 7CCF0542279C28E000BA2C93 /* XCRemoteSwiftPackageReference "AlamofireImage" */;
			productName = AlamofireImage;
		};
/* End XCSwiftPackageProductDependency section */
	};
	rootObject = 7CCF051E279C230800BA2C93 /* Project object */;
}
